
Microsoft Visual Studio Solution File, Format Version 12.00
# Visual Studio 14
VisualStudioVersion = 14.0.25420.1
MinimumVisualStudioVersion = 10.0.40219.1
Project("{FAE04EC0-301F-11D3-BF4B-00C04F79EFBC}") = "JustBlog", "JustBlog\JustBlog.csproj", "{7E66D2C5-18FD-4B8E-8B92-AB4EB0B03435}"
EndProject
Project("{FAE04EC0-301F-11D3-BF4B-00C04F79EFBC}") = "JustBlog.Core", "JustBlog.Core\JustBlog.Core.csproj", "{0A82354A-AAC3-4838-A90F-1E3D6554FE2D}"
EndProject
Global
	GlobalSection(SolutionConfigurationPlatforms) = preSolution
		Debug|Any CPU = Debug|Any CPU
		Release|Any CPU = Release|Any CPU
	EndGlobalSection
	GlobalSection(ProjectConfigurationPlatforms) = postSolution
		{7E66D2C5-18FD-4B8E-8B92-AB4EB0B03435}.Debug|Any CPU.ActiveCfg = Debug|Any CPU
		{7E66D2C5-18FD-4B8E-8B92-AB4EB0B03435}.Debug|Any CPU.Build.0 = Debug|Any CPU
		{7E66D2C5-18FD-4B8E-8B92-AB4EB0B03435}.Release|Any CPU.ActiveCfg = Release|Any CPU
		{7E66D2C5-18FD-4B8E-8B92-AB4EB0B03435}.Release|Any CPU.Build.0 = Release|Any CPU
		{0A82354A-AAC3-4838-A90F-1E3D6554FE2D}.Debug|Any CPU.ActiveCfg = Debug|Any CPU
		{0A82354A-AAC3-4838-A90F-1E3D6554FE2D}.Debug|Any CPU.Build.0 = Debug|Any CPU
		{0A82354A-AAC3-4838-A90F-1E3D6554FE2D}.Release|Any CPU.ActiveCfg = Release|Any CPU
		{0A82354A-AAC3-4838-A90F-1E3D6554FE2D}.Release|Any CPU.Build.0 = Release|Any CPU
	EndGlobalSection
	GlobalSection(SolutionProperties) = preSolution
		HideSolutionNode = FALSE
	EndGlobalSection
EndGlobal
